# This file is automatically @generated by Cargo.
# It is not intended for manual editing.
version = 4

[[package]]
name = "aom-cdef"
version = "0.0.1"
dependencies = [
 "aom-sys-ref",
]

[[package]]
name = "aom-convolve"
version = "0.0.1"
dependencies = [
 "aom-sys-ref",
]

[[package]]
name = "aom-decode"
version = "0.0.1"
dependencies = [
 "aom-cdef",
 "aom-encode",
 "aom-entropy",
 "aom-intra",
 "aom-loopfilter",
 "aom-quant",
 "aom-restore",
 "aom-sys-ref",
 "aom-transform",
 "aom-txb",
]

[[package]]
name = "aom-dist"
version = "0.0.1"
dependencies = [
 "aom-sys-ref",
 "archmage",
]

[[package]]
name = "aom-encode"
version = "0.0.1"
dependencies = [
 "aom-decode",
 "aom-dist",
 "aom-entropy",
 "aom-intra",
 "aom-loopfilter",
 "aom-quant",
 "aom-sys-ref",
 "aom-transform",
 "aom-txb",
]

[[package]]
name = "aom-entropy"
version = "0.0.1"
dependencies = [
 "aom-sys-ref",
]

[[package]]
name = "aom-intra"
version = "0.0.1"
dependencies = [
 "aom-sys-ref",
 "archmage",
]

[[package]]
name = "aom-loopfilter"
version = "0.0.1"
dependencies = [
 "aom-sys-ref",
]

[[package]]
name = "aom-quant"
version = "0.0.1"
dependencies = [
 "aom-sys-ref",
]

[[package]]
name = "aom-restore"
version = "0.0.1"
dependencies = [
 "aom-entropy",
 "aom-sys-ref",
]

[[package]]
name = "aom-sys-ref"
version = "0.0.1"

[[package]]
name = "aom-transform"
version = "0.0.1"
dependencies = [
 "aom-sys-ref",
]

[[package]]
name = "aom-txb"
version = "0.0.1"
dependencies = [
 "aom-entropy",
 "aom-sys-ref",
]

[[package]]
name = "archmage"
version = "0.9.27"
dependencies = [
 "archmage-macros",
 "safe_unaligned_simd",
 "winarm-cpufeatures",
]

[[package]]
name = "archmage-macros"
version = "0.9.27"
dependencies = [
 "proc-macro2",
 "quote",
 "syn",
]

[[package]]
name = "proc-macro2"
version = "1.0.106"
source = "registry+https://github.com/rust-lang/crates.io-index"
checksum = "8fd00f0bb2e90d81d1044c2b32617f68fcb9fa3bb7640c23e9c748e53fb30934"
dependencies = [
 "unicode-ident",
]

[[package]]
name = "quote"
version = "1.0.46"
source = "registry+https://github.com/rust-lang/crates.io-index"
checksum = "dfbc457d0c7a0759a614551b11a6409e5951f6c7537be1f1b7682b9ae9230368"
dependencies = [
 "proc-macro2",
]

[[package]]
name = "safe_unaligned_simd"
version = "0.2.5"
source = "registry+https://github.com/rust-lang/crates.io-index"
checksum = "f9c874fb993656d484725d58fbfddb39dfcf98ebcadc1a1d09568aa6b39bafba"

[[package]]
name = "syn"
version = "2.0.118"
source = "registry+https://github.com/rust-lang/crates.io-index"
checksum = "1b9ae57f904213ebb649ce6895b8a66c66f0203b9319718f69a5612a065b1422"
dependencies = [
 "proc-macro2",
 "quote",
 "unicode-ident",
]

[[package]]
name = "unicode-ident"
version = "1.0.24"
source = "registry+https://github.com/rust-lang/crates.io-index"
checksum = "e6e4313cd5fcd3dad5cafa179702e2b244f760991f45397d14d4ebf38247da75"

[[package]]
name = "winarm-cpufeatures"
version = "0.1.2"
source = "registry+https://github.com/rust-lang/crates.io-index"
checksum = "d107c80dd656e1a2c254dfb1d57ece73b7f515b8a8684c270c23cab68f4a440d"
