# This file is automatically @generated by Cargo.
# It is not intended for manual editing.
version = 4

[[package]]
name = "aom-entropy"
version = "0.0.1"
dependencies = [
 "aom-sys-ref",
]

[[package]]
name = "aom-intra"
version = "0.0.1"
dependencies = [
 "aom-sys-ref",
]

[[package]]
name = "aom-loopfilter"
version = "0.0.1"
dependencies = [
 "aom-sys-ref",
]

[[package]]
name = "aom-quant"
version = "0.0.1"
dependencies = [
 "aom-sys-ref",
]

[[package]]
name = "aom-sys-ref"
version = "0.0.1"

[[package]]
name = "aom-transform"
version = "0.0.1"
dependencies = [
 "aom-sys-ref",
]
